// !$*UTF8*$!
{
	archiveVersion = 1;
	classes = {
	};
	objectVersion = 50;
	objects = {

/* Begin PBXBuildFile section */
		472E7A9325164DFF0040C77C /* Mike_s_SetApp.swift in Sources */ = {isa = PBXBuildFile; fileRef = 472E7A9225164DFF0040C77C /* Mike_s_SetApp.swift */; };
		472E7A9525164DFF0040C77C /* Shape3SetGameView.swift in Sources */ = {isa = PBXBuildFile; fileRef = 472E7A9425164DFF0040C77C /* Shape3SetGameView.swift */; };
		472E7A9725164E0D0040C77C /* Assets.xcassets in Resources */ = {isa = PBXBuildFile; fileRef = 472E7A9625164E0D0040C77C /* Assets.xcassets */; };
		472E7A9A25164E0D0040C77C /* Preview Assets.xcassets in Resources */ = {isa = PBXBuildFile; fileRef = 472E7A9925164E0D0040C77C /* Preview Assets.xcassets */; };
		472E7AA525164E0F0040C77C /* Mike_s_SetTests.swift in Sources */ = {isa = PBXBuildFile; fileRef = 472E7AA425164E0F0040C77C /* Mike_s_SetTests.swift */; };
		472E7AB025164E0F0040C77C /* Mike_s_SetUITests.swift in Sources */ = {isa = PBXBuildFile; fileRef = 472E7AAF25164E0F0040C77C /* Mike_s_SetUITests.swift */; };
		472E7AC125164F8F0040C77C /* Grid.swift in Sources */ = {isa = PBXBuildFile; fileRef = 472E7AC025164F8F0040C77C /* Grid.swift */; };
		472E7AC6251650350040C77C /* SetGame.swift in Sources */ = {isa = PBXBuildFile; fileRef = 472E7AC5251650350040C77C /* SetGame.swift */; };
		472E7ACB2516549F0040C77C /* Theme.swift in Sources */ = {isa = PBXBuildFile; fileRef = 472E7ACA2516549F0040C77C /* Theme.swift */; };
		472E7AD6251657570040C77C /* GridLayout.swift in Sources */ = {isa = PBXBuildFile; fileRef = 472E7AD5251657570040C77C /* GridLayout.swift */; };
		472E7ADB251657CC0040C77C /* Array+FirstItem.swift in Sources */ = {isa = PBXBuildFile; fileRef = 472E7ADA251657CC0040C77C /* Array+FirstItem.swift */; };
		472E7AE0251657D00040C77C /* Array+Only.swift in Sources */ = {isa = PBXBuildFile; fileRef = 472E7ADF251657D00040C77C /* Array+Only.swift */; };
		472E7AE5251657EB0040C77C /* Cardify.swift in Sources */ = {isa = PBXBuildFile; fileRef = 472E7AE4251657EB0040C77C /* Cardify.swift */; };
		472E7AEA251686990040C77C /* Shape3SetGame.swift in Sources */ = {isa = PBXBuildFile; fileRef = 472E7AE9251686990040C77C /* Shape3SetGame.swift */; };
		472E7AEF2517895F0040C77C /* SetShape3.swift in Sources */ = {isa = PBXBuildFile; fileRef = 472E7AEE2517895F0040C77C /* SetShape3.swift */; };
/* End PBXBuildFile section */

/* Begin PBXContainerItemProxy section */
		472E7AA125164E0E0040C77C /* PBXContainerItemProxy */ = {
			isa = PBXContainerItemProxy;
			containerPortal = 472E7A8725164DFE0040C77C /* Project object */;
			proxyType = 1;
			remoteGlobalIDString = 472E7A8E25164DFE0040C77C;
			remoteInfo = "Mike's Set";
		};
		472E7AAC25164E0F0040C77C /* PBXContainerItemProxy */ = {
			isa = PBXContainerItemProxy;
			containerPortal = 472E7A8725164DFE0040C77C /* Project object */;
			proxyType = 1;
			remoteGlobalIDString = 472E7A8E25164DFE0040C77C;
			remoteInfo = "Mike's Set";
		};
/* End PBXContainerItemProxy section */

/* Begin PBXFileReference section */
		472E7A8F25164DFE0040C77C /* Mike's Set.app */ = {isa = PBXFileReference; explicitFileType = wrapper.application; includeInIndex = 0; path = "Mike's Set.app"; sourceTree = BUILT_PRODUCTS_DIR; };
		472E7A9225164DFF0040C77C /* Mike_s_SetApp.swift */ = {isa = PBXFileReference; lastKnownFileType = sourcecode.swift; path = Mike_s_SetApp.swift; sourceTree = "<group>"; };
		472E7A9425164DFF0040C77C /* Shape3SetGameView.swift */ = {isa = PBXFileReference; lastKnownFileType = sourcecode.swift; path = Shape3SetGameView.swift; sourceTree = "<group>"; };
		472E7A9625164E0D0040C77C /* Assets.xcassets */ = {isa = PBXFileReference; lastKnownFileType = folder.assetcatalog; path = Assets.xcassets; sourceTree = "<group>"; };
		472E7A9925164E0D0040C77C /* Preview Assets.xcassets */ = {isa = PBXFileReference; lastKnownFileType = folder.assetcatalog; path = "Preview Assets.xcassets"; sourceTree = "<group>"; };
		472E7A9B25164E0D0040C77C /* Info.plist */ = {isa = PBXFileReference; lastKnownFileType = text.plist.xml; path = Info.plist; sourceTree = "<group>"; };
		472E7AA025164E0E0040C77C /* Mike's SetTests.xctest */ = {isa = PBXFileReference; explicitFileType = wrapper.cfbundle; includeInIndex = 0; path = "Mike's SetTests.xctest"; sourceTree = BUILT_PRODUCTS_DIR; };
		472E7AA425164E0F0040C77C /* Mike_s_SetTests.swift */ = {isa = PBXFileReference; lastKnownFileType = sourcecode.swift; path = Mike_s_SetTests.swift; sourceTree = "<group>"; };
		472E7AA625164E0F0040C77C /* Info.plist */ = {isa = PBXFileReference; lastKnownFileType = text.plist.xml; path = Info.plist; sourceTree = "<group>"; };
		472E7AAB25164E0F0040C77C /* Mike's SetUITests.xctest */ = {isa = PBXFileReference; explicitFileType = wrapper.cfbundle; includeInIndex = 0; path = "Mike's SetUITests.xctest"; sourceTree = BUILT_PRODUCTS_DIR; };
		472E7AAF25164E0F0040C77C /* Mike_s_SetUITests.swift */ = {isa = PBXFileReference; lastKnownFileType = sourcecode.swift; path = Mike_s_SetUITests.swift; sourceTree = "<group>"; };
		472E7AB125164E0F0040C77C /* Info.plist */ = {isa = PBXFileReference; lastKnownFileType = text.plist.xml; path = Info.plist; sourceTree = "<group>"; };
		472E7AC025164F8F0040C77C /* Grid.swift */ = {isa = PBXFileReference; fileEncoding = 4; lastKnownFileType = sourcecode.swift; path = Grid.swift; sourceTree = "<group>"; };
		472E7AC5251650350040C77C /* SetGame.swift */ = {isa = PBXFileReference; lastKnownFileType = sourcecode.swift; path = SetGame.swift; sourceTree = "<group>"; };
		472E7ACA2516549F0040C77C /* Theme.swift */ = {isa = PBXFileReference; lastKnownFileType = sourcecode.swift; path = Theme.swift; sourceTree = "<group>"; };
		472E7AD5251657570040C77C /* GridLayout.swift */ = {isa = PBXFileReference; fileEncoding = 4; lastKnownFileType = sourcecode.swift; path = GridLayout.swift; sourceTree = "<group>"; };
		472E7ADA251657CC0040C77C /* Array+FirstItem.swift */ = {isa = PBXFileReference; fileEncoding = 4; lastKnownFileType = sourcecode.swift; path = "Array+FirstItem.swift"; sourceTree = "<group>"; };
		472E7ADF251657D00040C77C /* Array+Only.swift */ = {isa = PBXFileReference; fileEncoding = 4; lastKnownFileType = sourcecode.swift; path = "Array+Only.swift"; sourceTree = "<group>"; };
		472E7AE4251657EB0040C77C /* Cardify.swift */ = {isa = PBXFileReference; fileEncoding = 4; lastKnownFileType = sourcecode.swift; path = Cardify.swift; sourceTree = "<group>"; };
		472E7AE9251686990040C77C /* Shape3SetGame.swift */ = {isa = PBXFileReference; lastKnownFileType = sourcecode.swift; path = Shape3SetGame.swift; sourceTree = "<group>"; };
		472E7AEE2517895F0040C77C /* SetShape3.swift */ = {isa = PBXFileReference; lastKnownFileType = sourcecode.swift; path = SetShape3.swift; sourceTree = "<group>"; };
/* End PBXFileReference section */

/* Begin PBXFrameworksBuildPhase section */
		472E7A8C25164DFE0040C77C /* Frameworks */ = {
			isa = PBXFrameworksBuildPhase;
			buildActionMask = 2147483647;
			files = (
			);
			runOnlyForDeploymentPostprocessing = 0;
		};
		472E7A9D25164E0E0040C77C /* Frameworks */ = {
			isa = PBXFrameworksBuildPhase;
			buildActionMask = 2147483647;
			files = (
			);
			runOnlyForDeploymentPostprocessing = 0;
		};
		472E7AA825164E0F0040C77C /* Frameworks */ = {
			isa = PBXFrameworksBuildPhase;
			buildActionMask = 2147483647;
			files = (
			);
			runOnlyForDeploymentPostprocessing = 0;
		};
/* End PBXFrameworksBuildPhase section */

/* Begin PBXGroup section */
		472E7A8625164DFE0040C77C = {
			isa = PBXGroup;
			children = (
				472E7A9125164DFE0040C77C /* Mike's Set */,
				472E7AA325164E0E0040C77C /* Mike's SetTests */,
				472E7AAE25164E0F0040C77C /* Mike's SetUITests */,
				472E7A9025164DFE0040C77C /* Products */,
			);
			sourceTree = "<group>";
		};
		472E7A9025164DFE0040C77C /* Products */ = {
			isa = PBXGroup;
			children = (
				472E7A8F25164DFE0040C77C /* Mike's Set.app */,
				472E7AA025164E0E0040C77C /* Mike's SetTests.xctest */,
				472E7AAB25164E0F0040C77C /* Mike's SetUITests.xctest */,
			);
			name = Products;
			sourceTree = "<group>";
		};
		472E7A9125164DFE0040C77C /* Mike's Set */ = {
			isa = PBXGroup;
			children = (
				472E7A9225164DFF0040C77C /* Mike_s_SetApp.swift */,
				472E7AC5251650350040C77C /* SetGame.swift */,
				472E7AEE2517895F0040C77C /* SetShape3.swift */,
				472E7AE9251686990040C77C /* Shape3SetGame.swift */,
				472E7A9425164DFF0040C77C /* Shape3SetGameView.swift */,
				472E7ACA2516549F0040C77C /* Theme.swift */,
				472E7A9625164E0D0040C77C /* Assets.xcassets */,
				472E7AE4251657EB0040C77C /* Cardify.swift */,
				472E7AC025164F8F0040C77C /* Grid.swift */,
				472E7AD5251657570040C77C /* GridLayout.swift */,
				472E7ADA251657CC0040C77C /* Array+FirstItem.swift */,
				472E7ADF251657D00040C77C /* Array+Only.swift */,
				472E7A9B25164E0D0040C77C /* Info.plist */,
				472E7A9825164E0D0040C77C /* Preview Content */,
			);
			path = "Mike's Set";
			sourceTree = "<group>";
		};
		472E7A9825164E0D0040C77C /* Preview Content */ = {
			isa = PBXGroup;
			children = (
				472E7A9925164E0D0040C77C /* Preview Assets.xcassets */,
			);
			path = "Preview Content";
			sourceTree = "<group>";
		};
		472E7AA325164E0E0040C77C /* Mike's SetTests */ = {
			isa = PBXGroup;
			children = (
				472E7AA425164E0F0040C77C /* Mike_s_SetTests.swift */,
				472E7AA625164E0F0040C77C /* Info.plist */,
			);
			path = "Mike's SetTests";
			sourceTree = "<group>";
		};
		472E7AAE25164E0F0040C77C /* Mike's SetUITests */ = {
			isa = PBXGroup;
			children = (
				472E7AAF25164E0F0040C77C /* Mike_s_SetUITests.swift */,
				472E7AB125164E0F0040C77C /* Info.plist */,
			);
			path = "Mike's SetUITests";
			sourceTree = "<group>";
		};
/* End PBXGroup section */

/* Begin PBXNativeTarget section */
		472E7A8E25164DFE0040C77C /* Mike's Set */ = {
			isa = PBXNativeTarget;
			buildConfigurationList = 472E7AB425164E0F0040C77C /* Build configuration list for PBXNativeTarget "Mike's Set" */;
			buildPhases = (
				472E7A8B25164DFE0040C77C /* Sources */,
				472E7A8C25164DFE0040C77C /* Frameworks */,
				472E7A8D25164DFE0040C77C /* Resources */,
			);
			buildRules = (
			);
			dependencies = (
			);
			name = "Mike's Set";
			productName = "Mike's Set";
			productReference = 472E7A8F25164DFE0040C77C /* Mike's Set.app */;
			productType = "com.apple.product-type.application";
		};
		472E7A9F25164E0E0040C77C /* Mike's SetTests */ = {
			isa = PBXNativeTarget;
			buildConfigurationList = 472E7AB725164E0F0040C77C /* Build configuration list for PBXNativeTarget "Mike's SetTests" */;
			buildPhases = (
				472E7A9C25164E0E0040C77C /* Sources */,
				472E7A9D25164E0E0040C77C /* Frameworks */,
				472E7A9E25164E0E0040C77C /* Resources */,
			);
			buildRules = (
			);
			dependencies = (
				472E7AA225164E0E0040C77C /* PBXTargetDependency */,
			);
			name = "Mike's SetTests";
			productName = "Mike's SetTests";
			productReference = 472E7AA025164E0E0040C77C /* Mike's SetTests.xctest */;
			productType = "com.apple.product-type.bundle.unit-test";
		};
		472E7AAA25164E0F0040C77C /* Mike's SetUITests */ = {
			isa = PBXNativeTarget;
			buildConfigurationList = 472E7ABA25164E0F0040C77C /* Build configuration list for PBXNativeTarget "Mike's SetUITests" */;
			buildPhases = (
				472E7AA725164E0F0040C77C /* Sources */,
				472E7AA825164E0F0040C77C /* Frameworks */,
				472E7AA925164E0F0040C77C /* Resources */,
			);
			buildRules = (
			);
			dependencies = (
				472E7AAD25164E0F0040C77C /* PBXTargetDependency */,
			);
			name = "Mike's SetUITests";
			productName = "Mike's SetUITests";
			productReference = 472E7AAB25164E0F0040C77C /* Mike's SetUITests.xctest */;
			productType = "com.apple.product-type.bundle.ui-testing";
		};
/* End PBXNativeTarget section */

/* Begin PBXProject section */
		472E7A8725164DFE0040C77C /* Project object */ = {
			isa = PBXProject;
			attributes = {
				LastSwiftUpdateCheck = 1200;
				LastUpgradeCheck = 1200;
				TargetAttributes = {
					472E7A8E25164DFE0040C77C = {
						CreatedOnToolsVersion = 12.0;
					};
					472E7A9F25164E0E0040C77C = {
						CreatedOnToolsVersion = 12.0;
						TestTargetID = 472E7A8E25164DFE0040C77C;
					};
					472E7AAA25164E0F0040C77C = {
						CreatedOnToolsVersion = 12.0;
						TestTargetID = 472E7A8E25164DFE0040C77C;
					};
				};
			};
			buildConfigurationList = 472E7A8A25164DFE0040C77C /* Build configuration list for PBXProject "Mike's Set" */;
			compatibilityVersion = "Xcode 9.3";
			developmentRegion = en;
			hasScannedForEncodings = 0;
			knownRegions = (
				en,
				Base,
			);
			mainGroup = 472E7A8625164DFE0040C77C;
			productRefGroup = 472E7A9025164DFE0040C77C /* Products */;
			projectDirPath = "";
			projectRoot = "";
			targets = (
				472E7A8E25164DFE0040C77C /* Mike's Set */,
				472E7A9F25164E0E0040C77C /* Mike's SetTests */,
				472E7AAA25164E0F0040C77C /* Mike's SetUITests */,
			);
		};
/* End PBXProject section */

/* Begin PBXResourcesBuildPhase section */
		472E7A8D25164DFE0040C77C /* Resources */ = {
			isa = PBXResourcesBuildPhase;
			buildActionMask = 2147483647;
			files = (
				472E7A9A25164E0D0040C77C /* Preview Assets.xcassets in Resources */,
				472E7A9725164E0D0040C77C /* Assets.xcassets in Resources */,
			);
			runOnlyForDeploymentPostprocessing = 0;
		};
		472E7A9E25164E0E0040C77C /* Resources */ = {
			isa = PBXResourcesBuildPhase;
			buildActionMask = 2147483647;
			files = (
			);
			runOnlyForDeploymentPostprocessing = 0;
		};
		472E7AA925164E0F0040C77C /* Resources */ = {
			isa = PBXResourcesBuildPhase;
			buildActionMask = 2147483647;
			files = (
			);
			runOnlyForDeploymentPostprocessing = 0;
		};
/* End PBXResourcesBuildPhase section */

/* Begin PBXSourcesBuildPhase section */
		472E7A8B25164DFE0040C77C /* Sources */ = {
			isa = PBXSourcesBuildPhase;
			buildActionMask = 2147483647;
			files = (
				472E7A9525164DFF0040C77C /* Shape3SetGameView.swift in Sources */,
				472E7A9325164DFF0040C77C /* Mike_s_SetApp.swift in Sources */,
				472E7ACB2516549F0040C77C /* Theme.swift in Sources */,
				472E7AE5251657EB0040C77C /* Cardify.swift in Sources */,
				472E7AD6251657570040C77C /* GridLayout.swift in Sources */,
				472E7AC6251650350040C77C /* SetGame.swift in Sources */,
				472E7AEA251686990040C77C /* Shape3SetGame.swift in Sources */,
				472E7AC125164F8F0040C77C /* Grid.swift in Sources */,
				472E7ADB251657CC0040C77C /* Array+FirstItem.swift in Sources */,
				472E7AE0251657D00040C77C /* Array+Only.swift in Sources */,
				472E7AEF2517895F0040C77C /* SetShape3.swift in Sources */,
			);
			runOnlyForDeploymentPostprocessing = 0;
		};
		472E7A9C25164E0E0040C77C /* Sources */ = {
			isa = PBXSourcesBuildPhase;
			buildActionMask = 2147483647;
			files = (
				472E7AA525164E0F0040C77C /* Mike_s_SetTests.swift in Sources */,
			);
			runOnlyForDeploymentPostprocessing = 0;
		};
		472E7AA725164E0F0040C77C /* Sources */ = {
			isa = PBXSourcesBuildPhase;
			buildActionMask = 2147483647;
			files = (
				472E7AB025164E0F0040C77C /* Mike_s_SetUITests.swift in Sources */,
			);
			runOnlyForDeploymentPostprocessing = 0;
		};
/* End PBXSourcesBuildPhase section */

/* Begin PBXTargetDependency section */
		472E7AA225164E0E0040C77C /* PBXTargetDependency */ = {
			isa = PBXTargetDependency;
			target = 472E7A8E25164DFE0040C77C /* Mike's Set */;
			targetProxy = 472E7AA125164E0E0040C77C /* PBXContainerItemProxy */;
		};
		472E7AAD25164E0F0040C77C /* PBXTargetDependency */ = {
			isa = PBXTargetDependency;
			target = 472E7A8E25164DFE0040C77C /* Mike's Set */;
			targetProxy = 472E7AAC25164E0F0040C77C /* PBXContainerItemProxy */;
		};
/* End PBXTargetDependency section */

/* Begin XCBuildConfiguration section */
		472E7AB225164E0F0040C77C /* Debug */ = {
			isa = XCBuildConfiguration;
			buildSettings = {
				ALWAYS_SEARCH_USER_PATHS = NO;
				CLANG_ANALYZER_NONNULL = YES;
				CLANG_ANALYZER_NUMBER_OBJECT_CONVERSION = YES_AGGRESSIVE;
				CLANG_CXX_LANGUAGE_STANDARD = "gnu++14";
				CLANG_CXX_LIBRARY = "libc++";
				CLANG_ENABLE_MODULES = YES;
				CLANG_ENABLE_OBJC_ARC = YES;
				CLANG_ENABLE_OBJC_WEAK = YES;
				CLANG_WARN_BLOCK_CAPTURE_AUTORELEASING = YES;
				CLANG_WARN_BOOL_CONVERSION = YES;
				CLANG_WARN_COMMA = YES;
				CLANG_WARN_CONSTANT_CONVERSION = YES;
				CLANG_WARN_DEPRECATED_OBJC_IMPLEMENTATIONS = YES;
				CLANG_WARN_DIRECT_OBJC_ISA_USAGE = YES_ERROR;
				CLANG_WARN_DOCUMENTATION_COMMENTS = YES;
				CLANG_WARN_EMPTY_BODY = YES;
				CLANG_WARN_ENUM_CONVERSION = YES;
				CLANG_WARN_INFINITE_RECURSION = YES;
				CLANG_WARN_INT_CONVERSION = YES;
				CLANG_WARN_NON_LITERAL_NULL_CONVERSION = YES;
				CLANG_WARN_OBJC_IMPLICIT_RETAIN_SELF = YES;
				CLANG_WARN_OBJC_LITERAL_CONVERSION = YES;
				CLANG_WARN_OBJC_ROOT_CLASS = YES_ERROR;
				CLANG_WARN_QUOTED_INCLUDE_IN_FRAMEWORK_HEADER = YES;
				CLANG_WARN_RANGE_LOOP_ANALYSIS = YES;
				CLANG_WARN_STRICT_PROTOTYPES = YES;
				CLANG_WARN_SUSPICIOUS_MOVE = YES;
				CLANG_WARN_UNGUARDED_AVAILABILITY = YES_AGGRESSIVE;
				CLANG_WARN_UNREACHABLE_CODE = YES;
				CLANG_WARN__DUPLICATE_METHOD_MATCH = YES;
				COPY_PHASE_STRIP = NO;
				DEBUG_INFORMATION_FORMAT = dwarf;
				ENABLE_STRICT_OBJC_MSGSEND = YES;
				ENABLE_TESTABILITY = YES;
				GCC_C_LANGUAGE_STANDARD = gnu11;
				GCC_DYNAMIC_NO_PIC = NO;
				GCC_NO_COMMON_BLOCKS = YES;
				GCC_OPTIMIZATION_LEVEL = 0;
				GCC_PREPROCESSOR_DEFINITIONS = (
					"DEBUG=1",
					"$(inherited)",
				);
				GCC_WARN_64_TO_32_BIT_CONVERSION = YES;
				GCC_WARN_ABOUT_RETURN_TYPE = YES_ERROR;
				GCC_WARN_UNDECLARED_SELECTOR = YES;
				GCC_WARN_UNINITIALIZED_AUTOS = YES_AGGRESSIVE;
				GCC_WARN_UNUSED_FUNCTION = YES;
				GCC_WARN_UNUSED_VARIABLE = YES;
				IPHONEOS_DEPLOYMENT_TARGET = 14.0;
				MTL_ENABLE_DEBUG_INFO = INCLUDE_SOURCE;
				MTL_FAST_MATH = YES;
				ONLY_ACTIVE_ARCH = YES;
				SDKROOT = iphoneos;
				SWIFT_ACTIVE_COMPILATION_CONDITIONS = DEBUG;
				SWIFT_OPTIMIZATION_LEVEL = "-Onone";
			};
			name = Debug;
		};
		472E7AB325164E0F0040C77C /* Release */ = {
			isa = XCBuildConfiguration;
			buildSettings = {
				ALWAYS_SEARCH_USER_PATHS = NO;
				CLANG_ANALYZER_NONNULL = YES;
				CLANG_ANALYZER_NUMBER_OBJECT_CONVERSION = YES_AGGRESSIVE;
				CLANG_CXX_LANGUAGE_STANDARD = "gnu++14";
				CLANG_CXX_LIBRARY = "libc++";
				CLANG_ENABLE_MODULES = YES;
				CLANG_ENABLE_OBJC_ARC = YES;
				CLANG_ENABLE_OBJC_WEAK = YES;
				CLANG_WARN_BLOCK_CAPTURE_AUTORELEASING = YES;
				CLANG_WARN_BOOL_CONVERSION = YES;
				CLANG_WARN_COMMA = YES;
				CLANG_WARN_CONSTANT_CONVERSION = YES;
				CLANG_WARN_DEPRECATED_OBJC_IMPLEMENTATIONS = YES;
				CLANG_WARN_DIRECT_OBJC_ISA_USAGE = YES_ERROR;
				CLANG_WARN_DOCUMENTATION_COMMENTS = YES;
				CLANG_WARN_EMPTY_BODY = YES;
				CLANG_WARN_ENUM_CONVERSION = YES;
				CLANG_WARN_INFINITE_RECURSION = YES;
				CLANG_WARN_INT_CONVERSION = YES;
				CLANG_WARN_NON_LITERAL_NULL_CONVERSION = YES;
				CLANG_WARN_OBJC_IMPLICIT_RETAIN_SELF = YES;
				CLANG_WARN_OBJC_LITERAL_CONVERSION = YES;
				CLANG_WARN_OBJC_ROOT_CLASS = YES_ERROR;
				CLANG_WARN_QUOTED_INCLUDE_IN_FRAMEWORK_HEADER = YES;
				CLANG_WARN_RANGE_LOOP_ANALYSIS = YES;
				CLANG_WARN_STRICT_PROTOTYPES = YES;
				CLANG_WARN_SUSPICIOUS_MOVE = YES;
				CLANG_WARN_UNGUARDED_AVAILABILITY = YES_AGGRESSIVE;
				CLANG_WARN_UNREACHABLE_CODE = YES;
				CLANG_WARN__DUPLICATE_METHOD_MATCH = YES;
				COPY_PHASE_STRIP = NO;
				DEBUG_INFORMATION_FORMAT = "dwarf-with-dsym";
				ENABLE_NS_ASSERTIONS = NO;
				ENABLE_STRICT_OBJC_MSGSEND = YES;
				GCC_C_LANGUAGE_STANDARD = gnu11;
				GCC_NO_COMMON_BLOCKS = YES;
				GCC_WARN_64_TO_32_BIT_CONVERSION = YES;
				GCC_WARN_ABOUT_RETURN_TYPE = YES_ERROR;
				GCC_WARN_UNDECLARED_SELECTOR = YES;
				GCC_WARN_UNINITIALIZED_AUTOS = YES_AGGRESSIVE;
				GCC_WARN_UNUSED_FUNCTION = YES;
				GCC_WARN_UNUSED_VARIABLE = YES;
				IPHONEOS_DEPLOYMENT_TARGET = 14.0;
				MTL_ENABLE_DEBUG_INFO = NO;
				MTL_FAST_MATH = YES;
				SDKROOT = iphoneos;
				SWIFT_COMPILATION_MODE = wholemodule;
				SWIFT_OPTIMIZATION_LEVEL = "-O";
				VALIDATE_PRODUCT = YES;
			};
			name = Release;
		};
		472E7AB525164E0F0040C77C /* Debug */ = {
			isa = XCBuildConfiguration;
			buildSettings = {
				ASSETCATALOG_COMPILER_APPICON_NAME = AppIcon;
				ASSETCATALOG_COMPILER_GLOBAL_ACCENT_COLOR_NAME = AccentColor;
				CODE_SIGN_STYLE = Automatic;
				DEVELOPMENT_ASSET_PATHS = "\"Mike's Set/Preview Content\"";
				DEVELOPMENT_TEAM = 6389FT2N69;
				ENABLE_PREVIEWS = YES;
				INFOPLIST_FILE = "Mike's Set/Info.plist";
				IPHONEOS_DEPLOYMENT_TARGET = 14.0;
				LD_RUNPATH_SEARCH_PATHS = (
					"$(inherited)",
					"@executable_path/Frameworks",
				);
				PRODUCT_BUNDLE_IDENTIFIER = "com.c-inspirations.Mike-s-Set";
				PRODUCT_NAME = "$(TARGET_NAME)";
				SWIFT_VERSION = 5.0;
				TARGETED_DEVICE_FAMILY = "1,2";
			};
			name = Debug;
		};
		472E7AB625164E0F0040C77C /* Release */ = {
			isa = XCBuildConfiguration;
			buildSettings = {
				ASSETCATALOG_COMPILER_APPICON_NAME = AppIcon;
				ASSETCATALOG_COMPILER_GLOBAL_ACCENT_COLOR_NAME = AccentColor;
				CODE_SIGN_STYLE = Automatic;
				DEVELOPMENT_ASSET_PATHS = "\"Mike's Set/Preview Content\"";
				DEVELOPMENT_TEAM = 6389FT2N69;
				ENABLE_PREVIEWS = YES;
				INFOPLIST_FILE = "Mike's Set/Info.plist";
				IPHONEOS_DEPLOYMENT_TARGET = 14.0;
				LD_RUNPATH_SEARCH_PATHS = (
					"$(inherited)",
					"@executable_path/Frameworks",
				);
				PRODUCT_BUNDLE_IDENTIFIER = "com.c-inspirations.Mike-s-Set";
				PRODUCT_NAME = "$(TARGET_NAME)";
				SWIFT_VERSION = 5.0;
				TARGETED_DEVICE_FAMILY = "1,2";
			};
			name = Release;
		};
		472E7AB825164E0F0040C77C /* Debug */ = {
			isa = XCBuildConfiguration;
			buildSettings = {
				ALWAYS_EMBED_SWIFT_STANDARD_LIBRARIES = YES;
				BUNDLE_LOADER = "$(TEST_HOST)";
				CODE_SIGN_STYLE = Automatic;
				DEVELOPMENT_TEAM = 6389FT2N69;
				INFOPLIST_FILE = "Mike's SetTests/Info.plist";
				IPHONEOS_DEPLOYMENT_TARGET = 14.0;
				LD_RUNPATH_SEARCH_PATHS = (
					"$(inherited)",
					"@executable_path/Frameworks",
					"@loader_path/Frameworks",
				);
				PRODUCT_BUNDLE_IDENTIFIER = "com.c-inspirations.Mike-s-SetTests";
				PRODUCT_NAME = "$(TARGET_NAME)";
				SWIFT_VERSION = 5.0;
				TARGETED_DEVICE_FAMILY = "1,2";
				TEST_HOST = "$(BUILT_PRODUCTS_DIR)/Mike's Set.app/Mike's Set";
			};
			name = Debug;
		};
		472E7AB925164E0F0040C77C /* Release */ = {
			isa = XCBuildConfiguration;
			buildSettings = {
				ALWAYS_EMBED_SWIFT_STANDARD_LIBRARIES = YES;
				BUNDLE_LOADER = "$(TEST_HOST)";
				CODE_SIGN_STYLE = Automatic;
				DEVELOPMENT_TEAM = 6389FT2N69;
				INFOPLIST_FILE = "Mike's SetTests/Info.plist";
				IPHONEOS_DEPLOYMENT_TARGET = 14.0;
				LD_RUNPATH_SEARCH_PATHS = (
					"$(inherited)",
					"@executable_path/Frameworks",
					"@loader_path/Frameworks",
				);
				PRODUCT_BUNDLE_IDENTIFIER = "com.c-inspirations.Mike-s-SetTests";
				PRODUCT_NAME = "$(TARGET_NAME)";
				SWIFT_VERSION = 5.0;
				TARGETED_DEVICE_FAMILY = "1,2";
				TEST_HOST = "$(BUILT_PRODUCTS_DIR)/Mike's Set.app/Mike's Set";
			};
			name = Release;
		};
		472E7ABB25164E0F0040C77C /* Debug */ = {
			isa = XCBuildConfiguration;
			buildSettings = {
				ALWAYS_EMBED_SWIFT_STANDARD_LIBRARIES = YES;
				CODE_SIGN_STYLE = Automatic;
				DEVELOPMENT_TEAM = 6389FT2N69;
				INFOPLIST_FILE = "Mike's SetUITests/Info.plist";
				LD_RUNPATH_SEARCH_PATHS = (
					"$(inherited)",
					"@executable_path/Frameworks",
					"@loader_path/Frameworks",
				);
				PRODUCT_BUNDLE_IDENTIFIER = "com.c-inspirations.Mike-s-SetUITests";
				PRODUCT_NAME = "$(TARGET_NAME)";
				SWIFT_VERSION = 5.0;
				TARGETED_DEVICE_FAMILY = "1,2";
				TEST_TARGET_NAME = "Mike's Set";
			};
			name = Debug;
		};
		472E7ABC25164E0F0040C77C /* Release */ = {
			isa = XCBuildConfiguration;
			buildSettings = {
				ALWAYS_EMBED_SWIFT_STANDARD_LIBRARIES = YES;
				CODE_SIGN_STYLE = Automatic;
				DEVELOPMENT_TEAM = 6389FT2N69;
				INFOPLIST_FILE = "Mike's SetUITests/Info.plist";
				LD_RUNPATH_SEARCH_PATHS = (
					"$(inherited)",
					"@executable_path/Frameworks",
					"@loader_path/Frameworks",
				);
				PRODUCT_BUNDLE_IDENTIFIER = "com.c-inspirations.Mike-s-SetUITests";
				PRODUCT_NAME = "$(TARGET_NAME)";
				SWIFT_VERSION = 5.0;
				TARGETED_DEVICE_FAMILY = "1,2";
				TEST_TARGET_NAME = "Mike's Set";
			};
			name = Release;
		};
/* End XCBuildConfiguration section */

/* Begin XCConfigurationList section */
		472E7A8A25164DFE0040C77C /* Build configuration list for PBXProject "Mike's Set" */ = {
			isa = XCConfigurationList;
			buildConfigurations = (
				472E7AB225164E0F0040C77C /* Debug */,
				472E7AB325164E0F0040C77C /* Release */,
			);
			defaultConfigurationIsVisible = 0;
			defaultConfigurationName = Release;
		};
		472E7AB425164E0F0040C77C /* Build configuration list for PBXNativeTarget "Mike's Set" */ = {
			isa = XCConfigurationList;
			buildConfigurations = (
				472E7AB525164E0F0040C77C /* Debug */,
				472E7AB625164E0F0040C77C /* Release */,
			);
			defaultConfigurationIsVisible = 0;
			defaultConfigurationName = Release;
		};
		472E7AB725164E0F0040C77C /* Build configuration list for PBXNativeTarget "Mike's SetTests" */ = {
			isa = XCConfigurationList;
			buildConfigurations = (
				472E7AB825164E0F0040C77C /* Debug */,
				472E7AB925164E0F0040C77C /* Release */,
			);
			defaultConfigurationIsVisible = 0;
			defaultConfigurationName = Release;
		};
		472E7ABA25164E0F0040C77C /* Build configuration list for PBXNativeTarget "Mike's SetUITests" */ = {
			isa = XCConfigurationList;
			buildConfigurations = (
				472E7ABB25164E0F0040C77C /* Debug */,
				472E7ABC25164E0F0040C77C /* Release */,
			);
			defaultConfigurationIsVisible = 0;
			defaultConfigurationName = Release;
		};
/* End XCConfigurationList section */
	};
	rootObject = 472E7A8725164DFE0040C77C /* Project object */;
}
